Microsoft Visual Studio Solution File, Format Version 7.00
Project("{8BC9CEB8-8B4A-11D0-8D11-00A0C91BC942}") = "Wincheck", "wincheck.vcproj", "{94474A17-CF7E-4076-A5E9-348961D16E2A}"
EndProject
Project("{8BC9CEB8-8B4A-11D0-8D11-00A0C91BC942}") = "test_abort", "test_abort.vcproj", "{DFFB419F-BE30-40E6-9134-04A7E8512F01}"
EndProject
Project("{8BC9CEB8-8B4A-11D0-8D11-00A0C91BC942}") = "test_demux_label1_rx", "test_demux_label1_rx.vcproj", "{4E1363AD-C63E-48D9-A86A-A74E7A58360E}"
EndProject
Project("{8BC9CEB8-8B4A-11D0-8D11-00A0C91BC942}") = "test_demux_label1_tx", "test_demux_label1_tx.vcproj", "{159FD341-0B1A-41A3-8A79-4B88D1394FEE}"
EndProject
Project("{8BC9CEB8-8B4A-11D0-8D11-00A0C91BC942}") = "test_multi_sessions1", "test_multi_sessions1.vcproj", "{20580749-F8FE-4739-8A16-28FDB8775CC7}"
EndProject
Project("{8BC9CEB8-8B4A-11D0-8D11-00A0C91BC942}") = "test_multi_sessions2", "test_multi_sessions2.vcproj", "{E94E2D9F-F297-42E8-B9DB-1EFA94901D98}"
EndProject
Project("{8BC9CEB8-8B4A-11D0-8D11-00A0C91BC942}") = "test_no_tx", "test_no_tx.vcproj", "{6D48C9F8-894D-41D4-A15A-CF31F007716F}"
EndProject
Project("{8BC9CEB8-8B4A-11D0-8D11-00A0C91BC942}") = "test_vtm_rx", "test_vtm_rx.vcproj", "{B51E14FA-B0A7-473E-9D9D-1BB302DEA4CB}"
EndProject
Project("{8BC9CEB8-8B4A-11D0-8D11-00A0C91BC942}") = "test_vtm_tx", "test_vtm_tx.vcproj", "{D3715C82-6C88-4AF9-AB91-174D5B3C2EDA}"
EndProject
Project("{8BC9CEB8-8B4A-11D0-8D11-00A0C91BC942}") = "test_wait_rx_receiver", "test_wait_rx_receiver.vcproj", "{1E0394C3-F250-4764-867D-7C642D30E1F0}"
EndProject
Project("{8BC9CEB8-8B4A-11D0-8D11-00A0C91BC942}") = "test_wait_rx_sender", "test_wait_rx_sender.vcproj", "{20174AEB-3F10-4A59-800C-3A6AA80656B5}"
EndProject
Project("{8BC9CEB8-8B4A-11D0-8D11-00A0C91BC942}") = "test_wait_tx", "test_wait_tx.vcproj", "{6C0B18BF-C9E4-44A3-8F4B-0E7DEB789D68}"
EndProject
Global
	GlobalSection(SolutionConfiguration) = preSolution
		ConfigName.0 = Debug
		ConfigName.1 = Release
	EndGlobalSection
	GlobalSection(ProjectDependencies) = postSolution
		{94474A17-CF7E-4076-A5E9-348961D16E2A}.0 = {6C0B18BF-C9E4-44A3-8F4B-0E7DEB789D68}
		{94474A17-CF7E-4076-A5E9-348961D16E2A}.1 = {20174AEB-3F10-4A59-800C-3A6AA80656B5}
		{94474A17-CF7E-4076-A5E9-348961D16E2A}.2 = {1E0394C3-F250-4764-867D-7C642D30E1F0}
		{94474A17-CF7E-4076-A5E9-348961D16E2A}.3 = {D3715C82-6C88-4AF9-AB91-174D5B3C2EDA}
		{94474A17-CF7E-4076-A5E9-348961D16E2A}.4 = {B51E14FA-B0A7-473E-9D9D-1BB302DEA4CB}
		{94474A17-CF7E-4076-A5E9-348961D16E2A}.5 = {6D48C9F8-894D-41D4-A15A-CF31F007716F}
		{94474A17-CF7E-4076-A5E9-348961D16E2A}.6 = {E94E2D9F-F297-42E8-B9DB-1EFA94901D98}
		{94474A17-CF7E-4076-A5E9-348961D16E2A}.7 = {20580749-F8FE-4739-8A16-28FDB8775CC7}
		{94474A17-CF7E-4076-A5E9-348961D16E2A}.8 = {159FD341-0B1A-41A3-8A79-4B88D1394FEE}
		{94474A17-CF7E-4076-A5E9-348961D16E2A}.9 = {4E1363AD-C63E-48D9-A86A-A74E7A58360E}
		{94474A17-CF7E-4076-A5E9-348961D16E2A}.10 = {DFFB419F-BE30-40E6-9134-04A7E8512F01}
	EndGlobalSection
	GlobalSection(ProjectConfiguration) = postSolution
		{94474A17-CF7E-4076-A5E9-348961D16E2A}.Debug.ActiveCfg = Debug|Win32
		{94474A17-CF7E-4076-A5E9-348961D16E2A}.Debug.Build.0 = Debug|Win32
		{94474A17-CF7E-4076-A5E9-348961D16E2A}.Release.ActiveCfg = Release|Win32
		{94474A17-CF7E-4076-A5E9-348961D16E2A}.Release.Build.0 = Release|Win32
		{DFFB419F-BE30-40E6-9134-04A7E8512F01}.Debug.ActiveCfg = Debug|Win32
		{DFFB419F-BE30-40E6-9134-04A7E8512F01}.Debug.Build.0 = Debug|Win32
		{DFFB419F-BE30-40E6-9134-04A7E8512F01}.Release.ActiveCfg = Release|Win32
		{DFFB419F-BE30-40E6-9134-04A7E8512F01}.Release.Build.0 = Release|Win32
		{4E1363AD-C63E-48D9-A86A-A74E7A58360E}.Debug.ActiveCfg = Debug|Win32
		{4E1363AD-C63E-48D9-A86A-A74E7A58360E}.Debug.Build.0 = Debug|Win32
		{4E1363AD-C63E-48D9-A86A-A74E7A58360E}.Release.ActiveCfg = Release|Win32
		{4E1363AD-C63E-48D9-A86A-A74E7A58360E}.Release.Build.0 = Release|Win32
		{159FD341-0B1A-41A3-8A79-4B88D1394FEE}.Debug.ActiveCfg = Debug|Win32
		{159FD341-0B1A-41A3-8A79-4B88D1394FEE}.Debug.Build.0 = Debug|Win32
		{159FD341-0B1A-41A3-8A79-4B88D1394FEE}.Release.ActiveCfg = Release|Win32
		{159FD341-0B1A-41A3-8A79-4B88D1394FEE}.Release.Build.0 = Release|Win32
		{20580749-F8FE-4739-8A16-28FDB8775CC7}.Debug.ActiveCfg = Debug|Win32
		{20580749-F8FE-4739-8A16-28FDB8775CC7}.Debug.Build.0 = Debug|Win32
		{20580749-F8FE-4739-8A16-28FDB8775CC7}.Release.ActiveCfg = Release|Win32
		{20580749-F8FE-4739-8A16-28FDB8775CC7}.Release.Build.0 = Release|Win32
		{E94E2D9F-F297-42E8-B9DB-1EFA94901D98}.Debug.ActiveCfg = Debug|Win32
		{E94E2D9F-F297-42E8-B9DB-1EFA94901D98}.Debug.Build.0 = Debug|Win32
		{E94E2D9F-F297-42E8-B9DB-1EFA94901D98}.Release.ActiveCfg = Release|Win32
		{E94E2D9F-F297-42E8-B9DB-1EFA94901D98}.Release.Build.0 = Release|Win32
		{6D48C9F8-894D-41D4-A15A-CF31F007716F}.Debug.ActiveCfg = Debug|Win32
		{6D48C9F8-894D-41D4-A15A-CF31F007716F}.Debug.Build.0 = Debug|Win32
		{6D48C9F8-894D-41D4-A15A-CF31F007716F}.Release.ActiveCfg = Release|Win32
		{6D48C9F8-894D-41D4-A15A-CF31F007716F}.Release.Build.0 = Release|Win32
		{B51E14FA-B0A7-473E-9D9D-1BB302DEA4CB}.Debug.ActiveCfg = Debug|Win32
		{B51E14FA-B0A7-473E-9D9D-1BB302DEA4CB}.Debug.Build.0 = Debug|Win32
		{B51E14FA-B0A7-473E-9D9D-1BB302DEA4CB}.Release.ActiveCfg = Release|Win32
		{B51E14FA-B0A7-473E-9D9D-1BB302DEA4CB}.Release.Build.0 = Release|Win32
		{D3715C82-6C88-4AF9-AB91-174D5B3C2EDA}.Debug.ActiveCfg = Debug|Win32
		{D3715C82-6C88-4AF9-AB91-174D5B3C2EDA}.Debug.Build.0 = Debug|Win32
		{D3715C82-6C88-4AF9-AB91-174D5B3C2EDA}.Release.ActiveCfg = Release|Win32
		{D3715C82-6C88-4AF9-AB91-174D5B3C2EDA}.Release.Build.0 = Release|Win32
		{1E0394C3-F250-4764-867D-7C642D30E1F0}.Debug.ActiveCfg = Debug|Win32
		{1E0394C3-F250-4764-867D-7C642D30E1F0}.Debug.Build.0 = Debug|Win32
		{1E0394C3-F250-4764-867D-7C642D30E1F0}.Release.ActiveCfg = Release|Win32
		{1E0394C3-F250-4764-867D-7C642D30E1F0}.Release.Build.0 = Release|Win32
		{20174AEB-3F10-4A59-800C-3A6AA80656B5}.Debug.ActiveCfg = Debug|Win32
		{20174AEB-3F10-4A59-800C-3A6AA80656B5}.Debug.Build.0 = Debug|Win32
		{20174AEB-3F10-4A59-800C-3A6AA80656B5}.Release.ActiveCfg = Release|Win32
		{20174AEB-3F10-4A59-800C-3A6AA80656B5}.Release.Build.0 = Release|Win32
		{6C0B18BF-C9E4-44A3-8F4B-0E7DEB789D68}.Debug.ActiveCfg = Debug|Win32
		{6C0B18BF-C9E4-44A3-8F4B-0E7DEB789D68}.Debug.Build.0 = Debug|Win32
		{6C0B18BF-C9E4-44A3-8F4B-0E7DEB789D68}.Release.ActiveCfg = Release|Win32
		{6C0B18BF-C9E4-44A3-8F4B-0E7DEB789D68}.Release.Build.0 = Release|Win32
	EndGlobalSection
	GlobalSection(ExtensibilityGlobals) = postSolution
	EndGlobalSection
	GlobalSection(ExtensibilityAddIns) = postSolution
	EndGlobalSection
EndGlobal
